// !$*UTF8*$!
{
	archiveVersion = 1;
	classes = {
	};
	objectVersion = 46;
	objects = {

/* Begin PBXBuildFile section */
		4973381A1D048552006A5707 /* AppDelegate.swift in Sources */ = {isa = PBXBuildFile; fileRef = 497338191D048552006A5707 /* AppDelegate.swift */; };
		4973381C1D048552006A5707 /* ViewController.swift in Sources */ = {isa = PBXBuildFile; fileRef = 4973381B1D048552006A5707 /* ViewController.swift */; };
		4973381F1D048552006A5707 /* Main.storyboard in Resources */ = {isa = PBXBuildFile; fileRef = 4973381D1D048552006A5707 /* Main.storyboard */; };
		497338211D048552006A5707 /* Assets.xcassets in Resources */ = {isa = PBXBuildFile; fileRef = 497338201D048552006A5707 /* Assets.xcassets */; };
		497338241D048552006A5707 /* LaunchScreen.storyboard in Resources */ = {isa = PBXBuildFile; fileRef = 497338221D048552006A5707 /* LaunchScreen.storyboard */; };
		4973382F1D048552006A5707 /* retroCalculatorTests.swift in Sources */ = {isa = PBXBuildFile; fileRef = 4973382E1D048552006A5707 /* retroCalculatorTests.swift */; };
		4973383A1D048552006A5707 /* retroCalculatorUITests.swift in Sources */ = {isa = PBXBuildFile; fileRef = 497338391D048552006A5707 /* retroCalculatorUITests.swift */; };
		4996264A1D05392A00C5E67D /* Minecraft.ttf in Resources */ = {isa = PBXBuildFile; fileRef = 499626491D05392A00C5E67D /* Minecraft.ttf */; };
		4996264C1D05C40F00C5E67D /* btn.wav in Resources */ = {isa = PBXBuildFile; fileRef = 4996264B1D05C40F00C5E67D /* btn.wav */; };
/* End PBXBuildFile section */

/* Begin PBXContainerItemProxy section */
		4973382B1D048552006A5707 /* PBXContainerItemProxy */ = {
			isa = PBXContainerItemProxy;
			containerPortal = 4973380E1D048552006A5707 /* Project object */;
			proxyType = 1;
			remoteGlobalIDString = 497338151D048552006A5707;
			remoteInfo = retroCalculator;
		};
		497338361D048552006A5707 /* PBXContainerItemProxy */ = {
			isa = PBXContainerItemProxy;
			containerPortal = 4973380E1D048552006A5707 /* Project object */;
			proxyType = 1;
			remoteGlobalIDString = 497338151D048552006A5707;
			remoteInfo = retroCalculator;
		};
/* End PBXContainerItemProxy section */

/* Begin PBXFileReference section */
		497338161D048552006A5707 /* retroCalculator.app */ = {isa = PBXFileReference; explicitFileType = wrapper.application; includeInIndex = 0; path = retroCalculator.app; sourceTree = BUILT_PRODUCTS_DIR; };
		497338191D048552006A5707 /* AppDelegate.swift */ = {isa = PBXFileReference; lastKnownFileType = sourcecode.swift; path = AppDelegate.swift; sourceTree = "<group>"; };
		4973381B1D048552006A5707 /* ViewController.swift */ = {isa = PBXFileReference; lastKnownFileType = sourcecode.swift; path = ViewController.swift; sourceTree = "<group>"; };
		4973381E1D048552006A5707 /* Base */ = {isa = PBXFileReference; lastKnownFileType = file.storyboard; name = Base; path = Base.lproj/Main.storyboard; sourceTree = "<group>"; };
		497338201D048552006A5707 /* Assets.xcassets */ = {isa = PBXFileReference; lastKnownFileType = folder.assetcatalog; path = Assets.xcassets; sourceTree = "<group>"; };
		497338231D048552006A5707 /* Base */ = {isa = PBXFileReference; lastKnownFileType = file.storyboard; name = Base; path = Base.lproj/LaunchScreen.storyboard; sourceTree = "<group>"; };
		497338251D048552006A5707 /* Info.plist */ = {isa = PBXFileReference; lastKnownFileType = text.plist.xml; path = Info.plist; sourceTree = "<group>"; };
		4973382A1D048552006A5707 /* retroCalculatorTests.xctest */ = {isa = PBXFileReference; explicitFileType = wrapper.cfbundle; includeInIndex = 0; path = retroCalculatorTests.xctest; sourceTree = BUILT_PRODUCTS_DIR; };
		4973382E1D048552006A5707 /* retroCalculatorTests.swift */ = {isa = PBXFileReference; lastKnownFileType = sourcecode.swift; path = retroCalculatorTests.swift; sourceTree = "<group>"; };
		497338301D048552006A5707 /* Info.plist */ = {isa = PBXFileReference; lastKnownFileType = text.plist.xml; path = Info.plist; sourceTree = "<group>"; };
		497338351D048552006A5707 /* retroCalculatorUITests.xctest */ = {isa = PBXFileReference; explicitFileType = wrapper.cfbundle; includeInIndex = 0; path = retroCalculatorUITests.xctest; sourceTree = BUILT_PRODUCTS_DIR; };
		497338391D048552006A5707 /* retroCalculatorUITests.swift */ = {isa = PBXFileReference; lastKnownFileType = sourcecode.swift; path = retroCalculatorUITests.swift; sourceTree = "<group>"; };
		4973383B1D048552006A5707 /* Info.plist */ = {isa = PBXFileReference; lastKnownFileType = text.plist.xml; path = Info.plist; sourceTree = "<group>"; };
		499626491D05392A00C5E67D /* Minecraft.ttf */ = {isa = PBXFileReference; lastKnownFileType = file; path = Minecraft.ttf; sourceTree = "<group>"; };
		4996264B1D05C40F00C5E67D /* btn.wav */ = {isa = PBXFileReference; lastKnownFileType = audio.wav; path = btn.wav; sourceTree = "<group>"; };
/* End PBXFileReference section */

/* Begin PBXFrameworksBuildPhase section */
		497338131D048552006A5707 /* Frameworks */ = {
			isa = PBXFrameworksBuildPhase;
			buildActionMask = 2147483647;
			files = (
			);
			runOnlyForDeploymentPostprocessing = 0;
		};
		497338271D048552006A5707 /* Frameworks */ = {
			isa = PBXFrameworksBuildPhase;
			buildActionMask = 2147483647;
			files = (
			);
			runOnlyForDeploymentPostprocessing = 0;
		};
		497338321D048552006A5707 /* Frameworks */ = {
			isa = PBXFrameworksBuildPhase;
			buildActionMask = 2147483647;
			files = (
			);
			runOnlyForDeploymentPostprocessing = 0;
		};
/* End PBXFrameworksBuildPhase section */

/* Begin PBXGroup section */
		4973380D1D048552006A5707 = {
			isa = PBXGroup;
			children = (
				497338181D048552006A5707 /* retroCalculator */,
				4973382D1D048552006A5707 /* retroCalculatorTests */,
				497338381D048552006A5707 /* retroCalculatorUITests */,
				497338171D048552006A5707 /* Products */,
			);
			sourceTree = "<group>";
		};
		497338171D048552006A5707 /* Products */ = {
			isa = PBXGroup;
			children = (
				497338161D048552006A5707 /* retroCalculator.app */,
				4973382A1D048552006A5707 /* retroCalculatorTests.xctest */,
				497338351D048552006A5707 /* retroCalculatorUITests.xctest */,
			);
			name = Products;
			sourceTree = "<group>";
		};
		497338181D048552006A5707 /* retroCalculator */ = {
			isa = PBXGroup;
			children = (
				4996264B1D05C40F00C5E67D /* btn.wav */,
				499626491D05392A00C5E67D /* Minecraft.ttf */,
				497338191D048552006A5707 /* AppDelegate.swift */,
				4973381B1D048552006A5707 /* ViewController.swift */,
				4973381D1D048552006A5707 /* Main.storyboard */,
				497338201D048552006A5707 /* Assets.xcassets */,
				497338221D048552006A5707 /* LaunchScreen.storyboard */,
				497338251D048552006A5707 /* Info.plist */,
			);
			path = retroCalculator;
			sourceTree = "<group>";
		};
		4973382D1D048552006A5707 /* retroCalculatorTests */ = {
			isa = PBXGroup;
			children = (
				4973382E1D048552006A5707 /* retroCalculatorTests.swift */,
				497338301D048552006A5707 /* Info.plist */,
			);
			path = retroCalculatorTests;
			sourceTree = "<group>";
		};
		497338381D048552006A5707 /* retroCalculatorUITests */ = {
			isa = PBXGroup;
			children = (
				497338391D048552006A5707 /* retroCalculatorUITests.swift */,
				4973383B1D048552006A5707 /* Info.plist */,
			);
			path = retroCalculatorUITests;
			sourceTree = "<group>";
		};
/* End PBXGroup section */

/* Begin PBXNativeTarget section */
		497338151D048552006A5707 /* retroCalculator */ = {
			isa = PBXNativeTarget;
			buildConfigurationList = 4973383E1D048552006A5707 /* Build configuration list for PBXNativeTarget "retroCalculator" */;
			buildPhases = (
				497338121D048552006A5707 /* Sources */,
				497338131D048552006A5707 /* Frameworks */,
				497338141D048552006A5707 /* Resources */,
			);
			buildRules = (
			);
			dependencies = (
			);
			name = retroCalculator;
			productName = retroCalculator;
			productReference = 497338161D048552006A5707 /* retroCalculator.app */;
			productType = "com.apple.product-type.application";
		};
		497338291D048552006A5707 /* retroCalculatorTests */ = {
			isa = PBXNativeTarget;
			buildConfigurationList = 497338411D048552006A5707 /* Build configuration list for PBXNativeTarget "retroCalculatorTests" */;
			buildPhases = (
				497338261D048552006A5707 /* Sources */,
				497338271D048552006A5707 /* Frameworks */,
				497338281D048552006A5707 /* Resources */,
			);
			buildRules = (
			);
			dependencies = (
				4973382C1D048552006A5707 /* PBXTargetDependency */,
			);
			name = retroCalculatorTests;
			productName = retroCalculatorTests;
			productReference = 4973382A1D048552006A5707 /* retroCalculatorTests.xctest */;
			productType = "com.apple.product-type.bundle.unit-test";
		};
		497338341D048552006A5707 /* retroCalculatorUITests */ = {
			isa = PBXNativeTarget;
			buildConfigurationList = 497338441D048552006A5707 /* Build configuration list for PBXNativeTarget "retroCalculatorUITests" */;
			buildPhases = (
				497338311D048552006A5707 /* Sources */,
				497338321D048552006A5707 /* Frameworks */,
				497338331D048552006A5707 /* Resources */,
			);
			buildRules = (
			);
			dependencies = (
				497338371D048552006A5707 /* PBXTargetDependency */,
			);
			name = retroCalculatorUITests;
			productName = retroCalculatorUITests;
			productReference = 497338351D048552006A5707 /* retroCalculatorUITests.xctest */;
			productType = "com.apple.product-type.bundle.ui-testing";
		};
/* End PBXNativeTarget section */

/* Begin PBXProject section */
		4973380E1D048552006A5707 /* Project object */ = {
			isa = PBXProject;
			attributes = {
				LastSwiftUpdateCheck = 0720;
				LastUpgradeCheck = 0720;
				ORGANIZATIONNAME = "Marc Bollon";
				TargetAttributes = {
					497338151D048552006A5707 = {
						CreatedOnToolsVersion = 7.2.1;
						DevelopmentTeam = 927PBL2UD6;
					};
					497338291D048552006A5707 = {
						CreatedOnToolsVersion = 7.2.1;
						TestTargetID = 497338151D048552006A5707;
					};
					497338341D048552006A5707 = {
						CreatedOnToolsVersion = 7.2.1;
						TestTargetID = 497338151D048552006A5707;
					};
				};
			};
			buildConfigurationList = 497338111D048552006A5707 /* Build configuration list for PBXProject "retroCalculator" */;
			compatibilityVersion = "Xcode 3.2";
			developmentRegion = English;
			hasScannedForEncodings = 0;
			knownRegions = (
				en,
				Base,
			);
			mainGroup = 4973380D1D048552006A5707;
			productRefGroup = 497338171D048552006A5707 /* Products */;
			projectDirPath = "";
			projectRoot = "";
			targets = (
				497338151D048552006A5707 /* retroCalculator */,
				497338291D048552006A5707 /* retroCalculatorTests */,
				497338341D048552006A5707 /* retroCalculatorUITests */,
			);
		};
/* End PBXProject section */

/* Begin PBXResourcesBuildPhase section */
		497338141D048552006A5707 /* Resources */ = {
			isa = PBXResourcesBuildPhase;
			buildActionMask = 2147483647;
			files = (
				4996264C1D05C40F00C5E67D /* btn.wav in Resources */,
				497338241D048552006A5707 /* LaunchScreen.storyboard in Resources */,
				497338211D048552006A5707 /* Assets.xcassets in Resources */,
				4996264A1D05392A00C5E67D /* Minecraft.ttf in Resources */,
				4973381F1D048552006A5707 /* Main.storyboard in Resources */,
			);
			runOnlyForDeploymentPostprocessing = 0;
		};
		497338281D048552006A5707 /* Resources */ = {
			isa = PBXResourcesBuildPhase;
			buildActionMask = 2147483647;
			files = (
			);
			runOnlyForDeploymentPostprocessing = 0;
		};
		497338331D048552006A5707 /* Resources */ = {
			isa = PBXResourcesBuildPhase;
			buildActionMask = 2147483647;
			files = (
			);
			runOnlyForDeploymentPostprocessing = 0;
		};
/* End PBXResourcesBuildPhase section */

/* Begin PBXSourcesBuildPhase section */
		497338121D048552006A5707 /* Sources */ = {
			isa = PBXSourcesBuildPhase;
			buildActionMask = 2147483647;
			files = (
				4973381C1D048552006A5707 /* ViewController.swift in Sources */,
				4973381A1D048552006A5707 /* AppDelegate.swift in Sources */,
			);
			runOnlyForDeploymentPostprocessing = 0;
		};
		497338261D048552006A5707 /* Sources */ = {
			isa = PBXSourcesBuildPhase;
			buildActionMask = 2147483647;
			files = (
				4973382F1D048552006A5707 /* retroCalculatorTests.swift in Sources */,
			);
			runOnlyForDeploymentPostprocessing = 0;
		};
		497338311D048552006A5707 /* Sources */ = {
			isa = PBXSourcesBuildPhase;
			buildActionMask = 2147483647;
			files = (
				4973383A1D048552006A5707 /* retroCalculatorUITests.swift in Sources */,
			);
			runOnlyForDeploymentPostprocessing = 0;
		};
/* End PBXSourcesBuildPhase section */

/* Begin PBXTargetDependency section */
		4973382C1D048552006A5707 /* PBXTargetDependency */ = {
			isa = PBXTargetDependency;
			target = 497338151D048552006A5707 /* retroCalculator */;
			targetProxy = 4973382B1D048552006A5707 /* PBXContainerItemProxy */;
		};
		497338371D048552006A5707 /* PBXTargetDependency */ = {
			isa = PBXTargetDependency;
			target = 497338151D048552006A5707 /* retroCalculator */;
			targetProxy = 497338361D048552006A5707 /* PBXContainerItemProxy */;
		};
/* End PBXTargetDependency section */

/* Begin PBXVariantGroup section */
		4973381D1D048552006A5707 /* Main.storyboard */ = {
			isa = PBXVariantGroup;
			children = (
				4973381E1D048552006A5707 /* Base */,
			);
			name = Main.storyboard;
			sourceTree = "<group>";
		};
		497338221D048552006A5707 /* LaunchScreen.storyboard */ = {
			isa = PBXVariantGroup;
			children = (
				497338231D048552006A5707 /* Base */,
			);
			name = LaunchScreen.storyboard;
			sourceTree = "<group>";
		};
/* End PBXVariantGroup section */

/* Begin XCBuildConfiguration section */
		4973383C1D048552006A5707 /* Debug */ = {
			isa = XCBuildConfiguration;
			buildSettings = {
				ALWAYS_SEARCH_USER_PATHS = NO;
				CLANG_CXX_LANGUAGE_STANDARD = "gnu++0x";
				CLANG_CXX_LIBRARY = "libc++";
				CLANG_ENABLE_MODULES = YES;
				CLANG_ENABLE_OBJC_ARC = YES;
				CLANG_WARN_BOOL_CONVERSION = YES;
				CLANG_WARN_CONSTANT_CONVERSION = YES;
				CLANG_WARN_DIRECT_OBJC_ISA_USAGE = YES_ERROR;
				CLANG_WARN_EMPTY_BODY = YES;
				CLANG_WARN_ENUM_CONVERSION = YES;
				CLANG_WARN_INT_CONVERSION = YES;
				CLANG_WARN_OBJC_ROOT_CLASS = YES_ERROR;
				CLANG_WARN_UNREACHABLE_CODE = YES;
				CLANG_WARN__DUPLICATE_METHOD_MATCH = YES;
				"CODE_SIGN_IDENTITY[sdk=iphoneos*]" = "iPhone Developer";
				COPY_PHASE_STRIP = NO;
				DEBUG_INFORMATION_FORMAT = dwarf;
				ENABLE_STRICT_OBJC_MSGSEND = YES;
				ENABLE_TESTABILITY = YES;
				GCC_C_LANGUAGE_STANDARD = gnu99;
				GCC_DYNAMIC_NO_PIC = NO;
				GCC_NO_COMMON_BLOCKS = YES;
				GCC_OPTIMIZATION_LEVEL = 0;
				GCC_PREPROCESSOR_DEFINITIONS = (
					"DEBUG=1",
					"$(inherited)",
				);
				GCC_WARN_64_TO_32_BIT_CONVERSION = YES;
				GCC_WARN_ABOUT_RETURN_TYPE = YES_ERROR;
				GCC_WARN_UNDECLARED_SELECTOR = YES;
				GCC_WARN_UNINITIALIZED_AUTOS = YES_AGGRESSIVE;
				GCC_WARN_UNUSED_FUNCTION = YES;
				GCC_WARN_UNUSED_VARIABLE = YES;
				IPHONEOS_DEPLOYMENT_TARGET = 9.2;
				MTL_ENABLE_DEBUG_INFO = YES;
				ONLY_ACTIVE_ARCH = YES;
				SDKROOT = iphoneos;
				SWIFT_OPTIMIZATION_LEVEL = "-Onone";
			};
			name = Debug;
		};
		4973383D1D048552006A5707 /* Release */ = {
			isa = XCBuildConfiguration;
			buildSettings = {
				ALWAYS_SEARCH_USER_PATHS = NO;
				CLANG_CXX_LANGUAGE_STANDARD = "gnu++0x";
				CLANG_CXX_LIBRARY = "libc++";
				CLANG_ENABLE_MODULES = YES;
				CLANG_ENABLE_OBJC_ARC = YES;
				CLANG_WARN_BOOL_CONVERSION = YES;
				CLANG_WARN_CONSTANT_CONVERSION = YES;
				CLANG_WARN_DIRECT_OBJC_ISA_USAGE = YES_ERROR;
				CLANG_WARN_EMPTY_BODY = YES;
				CLANG_WARN_ENUM_CONVERSION = YES;
				CLANG_WARN_INT_CONVERSION = YES;
				CLANG_WARN_OBJC_ROOT_CLASS = YES_ERROR;
				CLANG_WARN_UNREACHABLE_CODE = YES;
				CLANG_WARN__DUPLICATE_METHOD_MATCH = YES;
				"CODE_SIGN_IDENTITY[sdk=iphoneos*]" = "iPhone Developer";
				COPY_PHASE_STRIP = NO;
				DEBUG_INFORMATION_FORMAT = "dwarf-with-dsym";
				ENABLE_NS_ASSERTIONS = NO;
				ENABLE_STRICT_OBJC_MSGSEND = YES;
				GCC_C_LANGUAGE_STANDARD = gnu99;
				GCC_NO_COMMON_BLOCKS = YES;
				GCC_WARN_64_TO_32_BIT_CONVERSION = YES;
				GCC_WARN_ABOUT_RETURN_TYPE = YES_ERROR;
				GCC_WARN_UNDECLARED_SELECTOR = YES;
				GCC_WARN_UNINITIALIZED_AUTOS = YES_AGGRESSIVE;
				GCC_WARN_UNUSED_FUNCTION = YES;
				GCC_WARN_UNUSED_VARIABLE = YES;
				IPHONEOS_DEPLOYMENT_TARGET = 9.2;
				MTL_ENABLE_DEBUG_INFO = NO;
				SDKROOT = iphoneos;
				VALIDATE_PRODUCT = YES;
			};
			name = Release;
		};
		4973383F1D048552006A5707 /* Debug */ = {
			isa = XCBuildConfiguration;
			buildSettings = {
				ASSETCATALOG_COMPILER_APPICON_NAME = AppIcon;
				CODE_SIGN_IDENTITY = "iPhone Developer";
				"CODE_SIGN_IDENTITY[sdk=iphoneos*]" = "iPhone Developer";
				INFOPLIST_FILE = retroCalculator/Info.plist;
				LD_RUNPATH_SEARCH_PATHS = "$(inherited) @executable_path/Frameworks";
				PRODUCT_BUNDLE_IDENTIFIER = MarcBollon.retroCalculator;
				PRODUCT_NAME = "$(TARGET_NAME)";
				PROVISIONING_PROFILE = "";
			};
			name = Debug;
		};
		497338401D048552006A5707 /* Release */ = {
			isa = XCBuildConfiguration;
			buildSettings = {
				ASSETCATALOG_COMPILER_APPICON_NAME = AppIcon;
				CODE_SIGN_IDENTITY = "iPhone Developer";
				"CODE_SIGN_IDENTITY[sdk=iphoneos*]" = "iPhone Developer";
				INFOPLIST_FILE = retroCalculator/Info.plist;
				LD_RUNPATH_SEARCH_PATHS = "$(inherited) @executable_path/Frameworks";
				PRODUCT_BUNDLE_IDENTIFIER = MarcBollon.retroCalculator;
				PRODUCT_NAME = "$(TARGET_NAME)";
				PROVISIONING_PROFILE = "";
			};
			name = Release;
		};
		497338421D048552006A5707 /* Debug */ = {
			isa = XCBuildConfiguration;
			buildSettings = {
				BUNDLE_LOADER = "$(TEST_HOST)";
				INFOPLIST_FILE = retroCalculatorTests/Info.plist;
				LD_RUNPATH_SEARCH_PATHS = "$(inherited) @executable_path/Frameworks @loader_path/Frameworks";
				PRODUCT_BUNDLE_IDENTIFIER = MarcBollon.retroCalculatorTests;
				PRODUCT_NAME = "$(TARGET_NAME)";
				TEST_HOST = "$(BUILT_PRODUCTS_DIR)/retroCalculator.app/retroCalculator";
			};
			name = Debug;
		};
		497338431D048552006A5707 /* Release */ = {
			isa = XCBuildConfiguration;
			buildSettings = {
				BUNDLE_LOADER = "$(TEST_HOST)";
				INFOPLIST_FILE = retroCalculatorTests/Info.plist;
				LD_RUNPATH_SEARCH_PATHS = "$(inherited) @executable_path/Frameworks @loader_path/Frameworks";
				PRODUCT_BUNDLE_IDENTIFIER = MarcBollon.retroCalculatorTests;
				PRODUCT_NAME = "$(TARGET_NAME)";
				TEST_HOST = "$(BUILT_PRODUCTS_DIR)/retroCalculator.app/retroCalculator";
			};
			name = Release;
		};
		497338451D048552006A5707 /* Debug */ = {
			isa = XCBuildConfiguration;
			buildSettings = {
				INFOPLIST_FILE = retroCalculatorUITests/Info.plist;
				LD_RUNPATH_SEARCH_PATHS = "$(inherited) @executable_path/Frameworks @loader_path/Frameworks";
				PRODUCT_BUNDLE_IDENTIFIER = MarcBollon.retroCalculatorUITests;
				PRODUCT_NAME = "$(TARGET_NAME)";
				TEST_TARGET_NAME = retroCalculator;
				USES_XCTRUNNER = YES;
			};
			name = Debug;
		};
		497338461D048552006A5707 /* Release */ = {
			isa = XCBuildConfiguration;
			buildSettings = {
				INFOPLIST_FILE = retroCalculatorUITests/Info.plist;
				LD_RUNPATH_SEARCH_PATHS = "$(inherited) @executable_path/Frameworks @loader_path/Frameworks";
				PRODUCT_BUNDLE_IDENTIFIER = MarcBollon.retroCalculatorUITests;
				PRODUCT_NAME = "$(TARGET_NAME)";
				TEST_TARGET_NAME = retroCalculator;
				USES_XCTRUNNER = YES;
			};
			name = Release;
		};
/* End XCBuildConfiguration section */

/* Begin XCConfigurationList section */
		497338111D048552006A5707 /* Build configuration list for PBXProject "retroCalculator" */ = {
			isa = XCConfigurationList;
			buildConfigurations = (
				4973383C1D048552006A5707 /* Debug */,
				4973383D1D048552006A5707 /* Release */,
			);
			defaultConfigurationIsVisible = 0;
			defaultConfigurationName = Release;
		};
		4973383E1D048552006A5707 /* Build configuration list for PBXNativeTarget "retroCalculator" */ = {
			isa = XCConfigurationList;
			buildConfigurations = (
				4973383F1D048552006A5707 /* Debug */,
				497338401D048552006A5707 /* Release */,
			);
			defaultConfigurationIsVisible = 0;
			defaultConfigurationName = Release;
		};
		497338411D048552006A5707 /* Build configuration list for PBXNativeTarget "retroCalculatorTests" */ = {
			isa = XCConfigurationList;
			buildConfigurations = (
				497338421D048552006A5707 /* Debug */,
				497338431D048552006A5707 /* Release */,
			);
			defaultConfigurationIsVisible = 0;
			defaultConfigurationName = Release;
		};
		497338441D048552006A5707 /* Build configuration list for PBXNativeTarget "retroCalculatorUITests" */ = {
			isa = XCConfigurationList;
			buildConfigurations = (
				497338451D048552006A5707 /* Debug */,
				497338461D048552006A5707 /* Release */,
			);
			defaultConfigurationIsVisible = 0;
			defaultConfigurationName = Release;
		};
/* End XCConfigurationList section */
	};
	rootObject = 4973380E1D048552006A5707 /* Project object */;
}
